{
  "name": "@cuties/fs",
  "version": "1.1.1",
  "lockfileVersion": 1,
  "requires": true,
  "dependencies": {
    "@cuties/assert": {
      "version": "1.1.4",
      "resolved": "https://registry.npmjs.org/@cuties/assert/-/assert-1.1.4.tgz",
      "integrity": "sha512-MgXcFnI1CsDLSu8O9s8ikqiLlknvj2thElT4MvMXy3B3bZlegUvQrZvN6kOzodRGsBLpIWhNXP8d6ckBitGxtg==",
      "requires": {
        "@cuties/cutie": "1.4.3",
        "test-executor": "1.1.0"
      }
    },
    "@cuties/buffer": {
      "version": "1.1.0",
      "resolved": "https://registry.npmjs.org/@cuties/buffer/-/buffer-1.1.0.tgz",
      "integrity": "sha512-sms+skugNIxrzZbF1lgJ0Cwsk0AHBC291LtRj18lSlED3QEe0dW/FxMM/9CjuzNURhRFcH1AjAjlAu4ar4DSyg==",
      "requires": {
        "@cuties/assert": "1.1.4",
        "@cuties/cutie": "1.4.3",
        "@cuties/is": "1.0.6",
        "@cuties/iterator": "1.0.4",
        "test-executor": "1.1.0"
      }
    },
    "@cuties/cutie": {
      "version": "1.4.3",
      "resolved": "https://registry.npmjs.org/@cuties/cutie/-/cutie-1.4.3.tgz",
      "integrity": "sha512-oxcFZMdaSgVSasqQoNVp3R/dUniMxszlNgYLI6A/te5FY0b44yovqEpl7REJjorRYpdaZfjc8fHIaPZxWoa3aA=="
    },
    "@cuties/date": {
      "version": "1.0.6",
      "resolved": "https://registry.npmjs.org/@cuties/date/-/date-1.0.6.tgz",
      "integrity": "sha512-os8QrtIDIPDMW7Wa0UNucy4WNL4MjrI5XuxQP1Uy53pQq4tmTWIruPFCU1vw0T5F5En/8jW/Bq0ZKh+uQpI5Gw==",
      "requires": {
        "@cuties/assert": "1.1.4",
        "@cuties/cutie": "1.4.3",
        "@cuties/is": "1.0.6",
        "test-executor": "1.1.0"
      }
    },
    "@cuties/error": {
      "version": "1.0.6",
      "resolved": "https://registry.npmjs.org/@cuties/error/-/error-1.0.6.tgz",
      "integrity": "sha512-nFubIsZWHqdpIdoEIN4RKMVl1Ggso79gOlZQMoTeHq2XcfN4N5Mm/rE/ecY+iYBtFTBepS8/0shw760NJvllHQ==",
      "requires": {
        "@cuties/assert": "1.1.4",
        "@cuties/cutie": "1.4.3",
        "@cuties/is": "1.0.6",
        "test-executor": "1.1.0"
      }
    },
    "@cuties/event": {
      "version": "1.0.8",
      "resolved": "https://registry.npmjs.org/@cuties/event/-/event-1.0.8.tgz",
      "integrity": "sha512-Ubo1IK2aYCv1MGn9vxFZSQvaghABwNcNWHuSLRMxSAx4gFiZPeYoHdhf8N8Cdps35Crcd33AWIT5ZbqeQiqDlA==",
      "requires": {
        "@cuties/assert": "1.1.4",
        "@cuties/cutie": "1.4.3",
        "@cuties/is": "1.0.6",
        "test-executor": "1.1.0"
      }
    },
    "@cuties/is": {
      "version": "1.0.6",
      "resolved": "https://registry.npmjs.org/@cuties/is/-/is-1.0.6.tgz",
      "integrity": "sha512-GcJW241fzz8OjZGCHnHNRbO9m/MrDE25NF+pYdd2WLXB77uCtICqeAy14DgiTCS0DxDfgmjKI7cTWoUwc00oRg==",
      "requires": {
        "@cuties/cutie": "1.4.3"
      }
    },
    "@cuties/iterator": {
      "version": "1.0.4",
      "resolved": "https://registry.npmjs.org/@cuties/iterator/-/iterator-1.0.4.tgz",
      "integrity": "sha512-U5jmkzXF71VA277WZhHsFUG55hwxVE9msNmJGpK6vXux3zn7CBwYQA5CriPzRoV/LYeIxBkGGiVUGFjAtYsSLA==",
      "requires": {
        "@cuties/assert": "1.1.4",
        "@cuties/cutie": "1.4.3",
        "@cuties/is": "1.0.6",
        "test-executor": "1.1.0"
      }
    },
    "@cuties/stream": {
      "version": "1.1.0",
      "resolved": "https://registry.npmjs.org/@cuties/stream/-/stream-1.1.0.tgz",
      "integrity": "sha512-DpZF8sQfJeuAF3eU4p6BPPuDH+jXD5x3thZdbnPYbWcmxJjffSToCdARRkD1uHkQJt8S6mcABOILns3n9COBGw==",
      "requires": {
        "@cuties/assert": "1.1.4",
        "@cuties/cutie": "1.4.3",
        "@cuties/is": "1.0.6",
        "test-executor": "1.1.0"
      }
    },
    "test-executor": {
      "version": "1.1.0",
      "resolved": "https://registry.npmjs.org/test-executor/-/test-executor-1.1.0.tgz",
      "integrity": "sha512-GQg5Z6j9fPJSgnRvcrQk0sKb6FFUf6lHaA5OjXrazXiQSfJE2VTS8u5Nxj6A/3/0SpLJCavJ3AyJnWz77RrU+w==",
      "requires": {
        "@cuties/cutie": "1.4.3"
      }
    }
  }
}
