{
  "name": "@guseyn/cutie-fs",
  "version": "1.0.5",
  "lockfileVersion": 1,
  "requires": true,
  "dependencies": {
    "@guseyn/cutie": {
      "version": "1.3.7",
      "resolved": "https://registry.npmjs.org/@guseyn/cutie/-/cutie-1.3.7.tgz",
      "integrity": "sha512-czyO+55HuNjMEvrAPtN2yaH2y3BgTKkyDzFDIZmzJhaOJix1AoFNt/xgk1fiWWpIt9xg7dRxTD7zoyNE2sTZ+A=="
    },
    "@guseyn/cutie-assert": {
      "version": "1.0.9",
      "resolved": "https://registry.npmjs.org/@guseyn/cutie-assert/-/cutie-assert-1.0.9.tgz",
      "integrity": "sha512-ejxWlRzCsbpBZqL1q8SExvVeuON0WlUD21cl+Uk81ETbNOGjoqNuJUILaTr4Do8qkA26sBrfKsGznVdPZ1lAAg==",
      "requires": {
        "@guseyn/cutie": "1.3.7"
      }
    },
    "@guseyn/cutie-buffer": {
      "version": "1.0.6",
      "resolved": "https://registry.npmjs.org/@guseyn/cutie-buffer/-/cutie-buffer-1.0.6.tgz",
      "integrity": "sha512-0cY1e5j56bPPAaolKj/txWRLWrUBeYJXJTI74JgzJf1OP0mkmC3c7imt2IY4l1ZAy+BdQ/NbsY140C4JF56GRw==",
      "requires": {
        "@guseyn/cutie": "1.3.7"
      }
    },
    "@guseyn/cutie-date": {
      "version": "1.0.3",
      "resolved": "https://registry.npmjs.org/@guseyn/cutie-date/-/cutie-date-1.0.3.tgz",
      "integrity": "sha512-t/3cpGx+H70AkHBTTNe4VOcFIs0GSz0rmTDh0DpPK1UcrPA9OFio01Heoqsu0mkxRbXiUbCY8olGG1Qh4yTraA==",
      "requires": {
        "@guseyn/cutie": "1.3.7"
      }
    },
    "@guseyn/cutie-error": {
      "version": "1.0.2",
      "resolved": "https://registry.npmjs.org/@guseyn/cutie-error/-/cutie-error-1.0.2.tgz",
      "integrity": "sha512-XnaDkAlWN59aasqs6EwdtLiHY777505XaSVPE2NNFV7ZTtifPK/fIQ6nQUmEWmCQ7+uMiqle3HKip9bGxGg0cw==",
      "requires": {
        "@guseyn/cutie": "1.3.7"
      }
    },
    "@guseyn/cutie-event": {
      "version": "1.0.5",
      "resolved": "https://registry.npmjs.org/@guseyn/cutie-event/-/cutie-event-1.0.5.tgz",
      "integrity": "sha512-itHCinhw5OEKwtOyA0J2OYao0C+wyKMm8nXd580KrFa19zLYjgHQSR3Jl+RP/J6AJjFRPTmFhhMbEfFmo3ofpA==",
      "requires": {
        "@guseyn/cutie": "1.3.7"
      }
    },
    "@guseyn/cutie-is": {
      "version": "1.0.1",
      "resolved": "https://registry.npmjs.org/@guseyn/cutie-is/-/cutie-is-1.0.1.tgz",
      "integrity": "sha512-5KthiSAEmWOyiHISmLxdBJREVtFYcyJ0maNK3YjKwlrRlQOAOnJMI5MS6jdDAlE/uIghtNpwYXqcCB3nbWYWqQ==",
      "requires": {
        "@guseyn/cutie": "1.3.7",
        "@guseyn/cutie-assert": "1.0.9"
      }
    },
    "@guseyn/cutie-stream": {
      "version": "1.0.4",
      "resolved": "https://registry.npmjs.org/@guseyn/cutie-stream/-/cutie-stream-1.0.4.tgz",
      "integrity": "sha512-S+20Kx7yRpOf/0mI2SkNYTXQGDfDC2rdkYrdnF5YFTVdrRwY4GcNQGlQ/P7pOVkpNk78EgWwLhmeGUBwd7jaZg==",
      "requires": {
        "@guseyn/cutie": "1.3.7"
      }
    },
    "test-executor": {
      "version": "1.0.8",
      "resolved": "https://registry.npmjs.org/test-executor/-/test-executor-1.0.8.tgz",
      "integrity": "sha512-qNnHuQprdIhIOD/sq3vBdrpOQcw54QAV/uP5yDCMVDHansEd97mx8bvpxSOy+mA1xcbWQhpNuvWFpLAkhmnXyg==",
      "requires": {
        "@guseyn/cutie": "1.3.7"
      }
    }
  }
}
