{
  "name": "@guseyn/cutie-fs",
  "version": "1.0.0",
  "lockfileVersion": 1,
  "requires": true,
  "dependencies": {
    "@guseyn/cutie": {
      "version": "1.3.1",
      "resolved": "https://registry.npmjs.org/@guseyn/cutie/-/cutie-1.3.1.tgz",
      "integrity": "sha512-OhFWhKZO2MJDVmFsCyf102/xJMgKRz9BPNKKZvAaxK4KYWqz3mbv2+Zi7Nb53vVOKI5QhgMI51TqsQqGl9diJw=="
    },
    "@guseyn/cutie-assert": {
      "version": "1.0.4",
      "resolved": "https://registry.npmjs.org/@guseyn/cutie-assert/-/cutie-assert-1.0.4.tgz",
      "integrity": "sha512-9i5glBJGf/CBRBAFe1vsXHW/O0Nr87JjK+ZJFp4JflfHLyhlIKn5cZp89xukXOaHoU1yBlqdScDYqJil/Zjm3Q==",
      "requires": {
        "@guseyn/cutie": "1.3.1"
      }
    },
    "@guseyn/cutie-buffer": {
      "version": "1.0.1",
      "resolved": "https://registry.npmjs.org/@guseyn/cutie-buffer/-/cutie-buffer-1.0.1.tgz",
      "integrity": "sha512-EyfM2MTwdmc5SFaHZz3DVHm9Pm8RWhkkDB2bPqvHMt5eIBO5T4miwWOzYfuRcqt1kcOYzebeqKjw4cjUUpU9nA==",
      "requires": {
        "@guseyn/cutie": "1.3.1"
      }
    }
  }
}
